// !$*UTF8*$!
{
	archiveVersion = 1;
	classes = {
	};
	objectVersion = 46;
	objects = {

/* Begin PBXBuildFile section */
		042903421EF536900066039B /* SLVConstants.m in Sources */ = {isa = PBXBuildFile; fileRef = 042903411EF536900066039B /* SLVConstants.m */; };
		04E2FF9C1EBB90A50074C5D9 /* main.m in Sources */ = {isa = PBXBuildFile; fileRef = 04E2FF9B1EBB90A50074C5D9 /* main.m */; };
		04E2FF9F1EBB90A50074C5D9 /* AppDelegate.m in Sources */ = {isa = PBXBuildFile; fileRef = 04E2FF9E1EBB90A50074C5D9 /* AppDelegate.m */; };
		04E2FFAA1EBB90A50074C5D9 /* Assets.xcassets in Resources */ = {isa = PBXBuildFile; fileRef = 04E2FFA91EBB90A50074C5D9 /* Assets.xcassets */; };
		04E2FFAD1EBB90A50074C5D9 /* LaunchScreen.storyboard in Resources */ = {isa = PBXBuildFile; fileRef = 04E2FFAB1EBB90A50074C5D9 /* LaunchScreen.storyboard */; };
		6350EF861ED5841F00D7C8CE /* SLVNetworkManager.m in Sources */ = {isa = PBXBuildFile; fileRef = 6350EF851ED5841F00D7C8CE /* SLVNetworkManager.m */; };
		6350EF8C1ED5843000D7C8CE /* SLVSearchResultsModel.m in Sources */ = {isa = PBXBuildFile; fileRef = 6350EF8A1ED5843000D7C8CE /* SLVSearchResultsModel.m */; };
		6350EF8F1ED5923100D7C8CE /* ImageDownloadOperation.m in Sources */ = {isa = PBXBuildFile; fileRef = 6350EF8E1ED5923100D7C8CE /* ImageDownloadOperation.m */; };
		635722F41EF5B091000BB6CD /* SLVPostView.m in Sources */ = {isa = PBXBuildFile; fileRef = 635722F31EF5B091000BB6CD /* SLVPostView.m */; };
		635722F71EF5B1FC000BB6CD /* SLVPostDataProvider.m in Sources */ = {isa = PBXBuildFile; fileRef = 635722F61EF5B1FC000BB6CD /* SLVPostDataProvider.m */; };
		635722FA1EF5B4A7000BB6CD /* SLVPostModel.m in Sources */ = {isa = PBXBuildFile; fileRef = 635722F91EF5B4A7000BB6CD /* SLVPostModel.m */; };
		6392D1D61EE04CFD0050728D /* SLVCollectionViewController.m in Sources */ = {isa = PBXBuildFile; fileRef = 6392D1CA1EE04CFD0050728D /* SLVCollectionViewController.m */; };
		6392D1D71EE04CFD0050728D /* SLVCollectionViewDataProvider.m in Sources */ = {isa = PBXBuildFile; fileRef = 6392D1CC1EE04CFD0050728D /* SLVCollectionViewDataProvider.m */; };
		6392D1D81EE04CFD0050728D /* SLVFavouritesViewController.m in Sources */ = {isa = PBXBuildFile; fileRef = 6392D1CF1EE04CFD0050728D /* SLVFavouritesViewController.m */; };
		6392D1D91EE04CFD0050728D /* SLVPostController.m in Sources */ = {isa = PBXBuildFile; fileRef = 6392D1D21EE04CFD0050728D /* SLVPostController.m */; };
		6392D1DA1EE04CFD0050728D /* SLVSettingsViewController.m in Sources */ = {isa = PBXBuildFile; fileRef = 6392D1D51EE04CFD0050728D /* SLVSettingsViewController.m */; };
		6392D1E01EE04D3A0050728D /* SLVCollectionView.m in Sources */ = {isa = PBXBuildFile; fileRef = 6392D1DD1EE04D3A0050728D /* SLVCollectionView.m */; };
		6392D1E11EE04D3A0050728D /* SLVCollectionViewLayout.m in Sources */ = {isa = PBXBuildFile; fileRef = 6392D1DF1EE04D3A0050728D /* SLVCollectionViewLayout.m */; };
		6392D1E71EE04D4E0050728D /* UIColor+SLVColor.m in Sources */ = {isa = PBXBuildFile; fileRef = 6392D1E41EE04D4E0050728D /* UIColor+SLVColor.m */; };
		6392D1E81EE04D4E0050728D /* UIFont+SLVFonts.m in Sources */ = {isa = PBXBuildFile; fileRef = 6392D1E61EE04D4E0050728D /* UIFont+SLVFonts.m */; };
		6392D1EF1EE741BE0050728D /* SLVCollectionViewCell.m in Sources */ = {isa = PBXBuildFile; fileRef = 6392D1EE1EE741BE0050728D /* SLVCollectionViewCell.m */; };
		6392D1F21EE7F92E0050728D /* SLVPostViewCells.m in Sources */ = {isa = PBXBuildFile; fileRef = 6392D1F11EE7F92E0050728D /* SLVPostViewCells.m */; };
		6392D1F71EE84A920050728D /* Model.xcdatamodeld in Sources */ = {isa = PBXBuildFile; fileRef = 6392D1F51EE84A920050728D /* Model.xcdatamodeld */; };
		6392D20C1EE874BF0050728D /* CoreDataStack.m in Sources */ = {isa = PBXBuildFile; fileRef = 6392D20B1EE874BF0050728D /* CoreDataStack.m */; };
		6392D20F1EE875790050728D /* Comment.m in Sources */ = {isa = PBXBuildFile; fileRef = 6392D20E1EE875790050728D /* Comment.m */; };
		6392D2121EE875980050728D /* Human.m in Sources */ = {isa = PBXBuildFile; fileRef = 6392D2111EE875980050728D /* Human.m */; };
		6392D2151EE875A50050728D /* SLVItem.m in Sources */ = {isa = PBXBuildFile; fileRef = 6392D2141EE875A50050728D /* SLVItem.m */; };
		6392D21E1EE88F410050728D /* SLVStorageService.m in Sources */ = {isa = PBXBuildFile; fileRef = 6392D21D1EE88F410050728D /* SLVStorageService.m */; };
		6392D2221EEAC1090050728D /* SLVFavoritesCell.m in Sources */ = {isa = PBXBuildFile; fileRef = 6392D2211EEAC1090050728D /* SLVFavoritesCell.m */; };
		63ABAB831ED60E8900941726 /* SLVImageProcessing.m in Sources */ = {isa = PBXBuildFile; fileRef = 63ABAB821ED60E8900941726 /* SLVImageProcessing.m */; };
		63ABAB881ED873CC00941726 /* SLVImageDownloadOperationTests.m in Sources */ = {isa = PBXBuildFile; fileRef = 63ABAB871ED873CB00941726 /* SLVImageDownloadOperationTests.m */; };
		63ACEF3E1EBD3F53007C0D41 /* Masonry.framework in Frameworks */ = {isa = PBXBuildFile; fileRef = 63ACEF3C1EBD3B37007C0D41 /* Masonry.framework */; };
/* End PBXBuildFile section */

/* Begin PBXContainerItemProxy section */
		04E2FFB41EBB90A50074C5D9 /* PBXContainerItemProxy */ = {
			isa = PBXContainerItemProxy;
			containerPortal = 04E2FF8F1EBB90A50074C5D9 /* Project object */;
			proxyType = 1;
			remoteGlobalIDString = 04E2FF961EBB90A50074C5D9;
			remoteInfo = lection14;
		};
/* End PBXContainerItemProxy section */

/* Begin PBXFileReference section */
		042903411EF536900066039B /* SLVConstants.m */ = {isa = PBXFileReference; fileEncoding = 4; lastKnownFileType = sourcecode.c.objc; name = SLVConstants.m; path = Constants/SLVConstants.m; sourceTree = "<group>"; };
		042903431EF536A80066039B /* SLVConstants.h */ = {isa = PBXFileReference; lastKnownFileType = sourcecode.c.h; name = SLVConstants.h; path = Constants/SLVConstants.h; sourceTree = "<group>"; };
		04E2FF971EBB90A50074C5D9 /* lection14.app */ = {isa = PBXFileReference; explicitFileType = wrapper.application; includeInIndex = 0; path = lection14.app; sourceTree = BUILT_PRODUCTS_DIR; };
		04E2FF9B1EBB90A50074C5D9 /* main.m */ = {isa = PBXFileReference; lastKnownFileType = sourcecode.c.objc; path = main.m; sourceTree = "<group>"; };
		04E2FF9D1EBB90A50074C5D9 /* AppDelegate.h */ = {isa = PBXFileReference; lastKnownFileType = sourcecode.c.h; path = AppDelegate.h; sourceTree = "<group>"; };
		04E2FF9E1EBB90A50074C5D9 /* AppDelegate.m */ = {isa = PBXFileReference; lastKnownFileType = sourcecode.c.objc; path = AppDelegate.m; sourceTree = "<group>"; };
		04E2FFA91EBB90A50074C5D9 /* Assets.xcassets */ = {isa = PBXFileReference; lastKnownFileType = folder.assetcatalog; path = Assets.xcassets; sourceTree = "<group>"; };
		04E2FFAC1EBB90A50074C5D9 /* Base */ = {isa = PBXFileReference; lastKnownFileType = file.storyboard; name = Base; path = Base.lproj/LaunchScreen.storyboard; sourceTree = "<group>"; };
		04E2FFAE1EBB90A50074C5D9 /* Info.plist */ = {isa = PBXFileReference; lastKnownFileType = text.plist.xml; path = Info.plist; sourceTree = "<group>"; };
		04E2FFB31EBB90A50074C5D9 /* lection14Tests.xctest */ = {isa = PBXFileReference; explicitFileType = wrapper.cfbundle; includeInIndex = 0; path = lection14Tests.xctest; sourceTree = BUILT_PRODUCTS_DIR; };
		6350EF841ED5841F00D7C8CE /* SLVNetworkManager.h */ = {isa = PBXFileReference; fileEncoding = 4; lastKnownFileType = sourcecode.c.h; name = SLVNetworkManager.h; path = Services/SLVNetworkManager.h; sourceTree = "<group>"; };
		6350EF851ED5841F00D7C8CE /* SLVNetworkManager.m */ = {isa = PBXFileReference; fileEncoding = 4; lastKnownFileType = sourcecode.c.objc; name = SLVNetworkManager.m; path = Services/SLVNetworkManager.m; sourceTree = "<group>"; };
		6350EF891ED5843000D7C8CE /* SLVSearchResultsModel.h */ = {isa = PBXFileReference; fileEncoding = 4; lastKnownFileType = sourcecode.c.h; name = SLVSearchResultsModel.h; path = Models/SLVSearchResultsModel.h; sourceTree = "<group>"; };
		6350EF8A1ED5843000D7C8CE /* SLVSearchResultsModel.m */ = {isa = PBXFileReference; fileEncoding = 4; lastKnownFileType = sourcecode.c.objc; name = SLVSearchResultsModel.m; path = Models/SLVSearchResultsModel.m; sourceTree = "<group>"; };
		6350EF8D1ED5923100D7C8CE /* ImageDownloadOperation.h */ = {isa = PBXFileReference; fileEncoding = 4; lastKnownFileType = sourcecode.c.h; name = ImageDownloadOperation.h; path = Models/ImageDownloadOperation.h; sourceTree = "<group>"; };
		6350EF8E1ED5923100D7C8CE /* ImageDownloadOperation.m */ = {isa = PBXFileReference; fileEncoding = 4; lastKnownFileType = sourcecode.c.objc; name = ImageDownloadOperation.m; path = Models/ImageDownloadOperation.m; sourceTree = "<group>"; };
		635722F11EF59FCF000BB6CD /* SLVModelProtocol.h */ = {isa = PBXFileReference; fileEncoding = 4; lastKnownFileType = sourcecode.c.h; name = SLVModelProtocol.h; path = Protocols/SLVModelProtocol.h; sourceTree = "<group>"; };
		635722F21EF5B091000BB6CD /* SLVPostView.h */ = {isa = PBXFileReference; fileEncoding = 4; lastKnownFileType = sourcecode.c.h; name = SLVPostView.h; path = Views/Post/SLVPostView.h; sourceTree = "<group>"; };
		635722F31EF5B091000BB6CD /* SLVPostView.m */ = {isa = PBXFileReference; fileEncoding = 4; lastKnownFileType = sourcecode.c.objc; name = SLVPostView.m; path = Views/Post/SLVPostView.m; sourceTree = "<group>"; };
		635722F51EF5B1FC000BB6CD /* SLVPostDataProvider.h */ = {isa = PBXFileReference; fileEncoding = 4; lastKnownFileType = sourcecode.c.h; path = SLVPostDataProvider.h; sourceTree = "<group>"; };
		635722F61EF5B1FC000BB6CD /* SLVPostDataProvider.m */ = {isa = PBXFileReference; fileEncoding = 4; lastKnownFileType = sourcecode.c.objc; path = SLVPostDataProvider.m; sourceTree = "<group>"; };
		635722F81EF5B4A7000BB6CD /* SLVPostModel.h */ = {isa = PBXFileReference; fileEncoding = 4; lastKnownFileType = sourcecode.c.h; name = SLVPostModel.h; path = Models/SLVPostModel.h; sourceTree = "<group>"; };
		635722F91EF5B4A7000BB6CD /* SLVPostModel.m */ = {isa = PBXFileReference; fileEncoding = 4; lastKnownFileType = sourcecode.c.objc; name = SLVPostModel.m; path = Models/SLVPostModel.m; sourceTree = "<group>"; };
		635722FB1EF5B4DC000BB6CD /* SLVPostModelProtocol.h */ = {isa = PBXFileReference; fileEncoding = 4; lastKnownFileType = sourcecode.c.h; name = SLVPostModelProtocol.h; path = Protocols/SLVPostModelProtocol.h; sourceTree = "<group>"; };
		6392D1C91EE04CFD0050728D /* SLVCollectionViewController.h */ = {isa = PBXFileReference; fileEncoding = 4; lastKnownFileType = sourcecode.c.h; path = SLVCollectionViewController.h; sourceTree = "<group>"; };
		6392D1CA1EE04CFD0050728D /* SLVCollectionViewController.m */ = {isa = PBXFileReference; fileEncoding = 4; lastKnownFileType = sourcecode.c.objc; path = SLVCollectionViewController.m; sourceTree = "<group>"; };
		6392D1CB1EE04CFD0050728D /* SLVCollectionViewDataProvider.h */ = {isa = PBXFileReference; fileEncoding = 4; lastKnownFileType = sourcecode.c.h; path = SLVCollectionViewDataProvider.h; sourceTree = "<group>"; };
		6392D1CC1EE04CFD0050728D /* SLVCollectionViewDataProvider.m */ = {isa = PBXFileReference; fileEncoding = 4; lastKnownFileType = sourcecode.c.objc; path = SLVCollectionViewDataProvider.m; sourceTree = "<group>"; };
		6392D1CE1EE04CFD0050728D /* SLVFavouritesViewController.h */ = {isa = PBXFileReference; fileEncoding = 4; lastKnownFileType = sourcecode.c.h; path = SLVFavouritesViewController.h; sourceTree = "<group>"; };
		6392D1CF1EE04CFD0050728D /* SLVFavouritesViewController.m */ = {isa = PBXFileReference; fileEncoding = 4; lastKnownFileType = sourcecode.c.objc; path = SLVFavouritesViewController.m; sourceTree = "<group>"; };
		6392D1D11EE04CFD0050728D /* SLVPostController.h */ = {isa = PBXFileReference; fileEncoding = 4; lastKnownFileType = sourcecode.c.h; path = SLVPostController.h; sourceTree = "<group>"; };
		6392D1D21EE04CFD0050728D /* SLVPostController.m */ = {isa = PBXFileReference; fileEncoding = 4; lastKnownFileType = sourcecode.c.objc; path = SLVPostController.m; sourceTree = "<group>"; };
		6392D1D41EE04CFD0050728D /* SLVSettingsViewController.h */ = {isa = PBXFileReference; fileEncoding = 4; lastKnownFileType = sourcecode.c.h; path = SLVSettingsViewController.h; sourceTree = "<group>"; };
		6392D1D51EE04CFD0050728D /* SLVSettingsViewController.m */ = {isa = PBXFileReference; fileEncoding = 4; lastKnownFileType = sourcecode.c.objc; path = SLVSettingsViewController.m; sourceTree = "<group>"; };
		6392D1DC1EE04D3A0050728D /* SLVCollectionView.h */ = {isa = PBXFileReference; fileEncoding = 4; lastKnownFileType = sourcecode.c.h; path = SLVCollectionView.h; sourceTree = "<group>"; };
		6392D1DD1EE04D3A0050728D /* SLVCollectionView.m */ = {isa = PBXFileReference; fileEncoding = 4; lastKnownFileType = sourcecode.c.objc; path = SLVCollectionView.m; sourceTree = "<group>"; };
		6392D1DE1EE04D3A0050728D /* SLVCollectionViewLayout.h */ = {isa = PBXFileReference; fileEncoding = 4; lastKnownFileType = sourcecode.c.h; path = SLVCollectionViewLayout.h; sourceTree = "<group>"; };
		6392D1DF1EE04D3A0050728D /* SLVCollectionViewLayout.m */ = {isa = PBXFileReference; fileEncoding = 4; lastKnownFileType = sourcecode.c.objc; path = SLVCollectionViewLayout.m; sourceTree = "<group>"; };
		6392D1E31EE04D4E0050728D /* UIColor+SLVColor.h */ = {isa = PBXFileReference; fileEncoding = 4; lastKnownFileType = sourcecode.c.h; path = "UIColor+SLVColor.h"; sourceTree = "<group>"; };
		6392D1E41EE04D4E0050728D /* UIColor+SLVColor.m */ = {isa = PBXFileReference; fileEncoding = 4; lastKnownFileType = sourcecode.c.objc; path = "UIColor+SLVColor.m"; sourceTree = "<group>"; };
		6392D1E51EE04D4E0050728D /* UIFont+SLVFonts.h */ = {isa = PBXFileReference; fileEncoding = 4; lastKnownFileType = sourcecode.c.h; path = "UIFont+SLVFonts.h"; sourceTree = "<group>"; };
		6392D1E61EE04D4E0050728D /* UIFont+SLVFonts.m */ = {isa = PBXFileReference; fileEncoding = 4; lastKnownFileType = sourcecode.c.objc; path = "UIFont+SLVFonts.m"; sourceTree = "<group>"; };
		6392D1ED1EE741BE0050728D /* SLVCollectionViewCell.h */ = {isa = PBXFileReference; fileEncoding = 4; lastKnownFileType = sourcecode.c.h; path = SLVCollectionViewCell.h; sourceTree = "<group>"; };
		6392D1EE1EE741BE0050728D /* SLVCollectionViewCell.m */ = {isa = PBXFileReference; fileEncoding = 4; lastKnownFileType = sourcecode.c.objc; path = SLVCollectionViewCell.m; sourceTree = "<group>"; };
		6392D1F01EE7F92E0050728D /* SLVPostViewCells.h */ = {isa = PBXFileReference; fileEncoding = 4; lastKnownFileType = sourcecode.c.h; name = SLVPostViewCells.h; path = Views/Post/SLVPostViewCells.h; sourceTree = "<group>"; };
		6392D1F11EE7F92E0050728D /* SLVPostViewCells.m */ = {isa = PBXFileReference; fileEncoding = 4; lastKnownFileType = sourcecode.c.objc; name = SLVPostViewCells.m; path = Views/Post/SLVPostViewCells.m; sourceTree = "<group>"; };
		6392D1F61EE84A920050728D /* Model.xcdatamodel */ = {isa = PBXFileReference; lastKnownFileType = wrapper.xcdatamodel; path = Model.xcdatamodel; sourceTree = "<group>"; };
		6392D20A1EE874BF0050728D /* CoreDataStack.h */ = {isa = PBXFileReference; fileEncoding = 4; lastKnownFileType = sourcecode.c.h; name = CoreDataStack.h; path = CoreData/CoreDataStack.h; sourceTree = "<group>"; };
		6392D20B1EE874BF0050728D /* CoreDataStack.m */ = {isa = PBXFileReference; fileEncoding = 4; lastKnownFileType = sourcecode.c.objc; name = CoreDataStack.m; path = CoreData/CoreDataStack.m; sourceTree = "<group>"; };
		6392D20D1EE875790050728D /* Comment.h */ = {isa = PBXFileReference; fileEncoding = 4; lastKnownFileType = sourcecode.c.h; name = Comment.h; path = CoreData/Comment.h; sourceTree = "<group>"; };
		6392D20E1EE875790050728D /* Comment.m */ = {isa = PBXFileReference; fileEncoding = 4; lastKnownFileType = sourcecode.c.objc; name = Comment.m; path = CoreData/Comment.m; sourceTree = "<group>"; };
		6392D2101EE875980050728D /* Human.h */ = {isa = PBXFileReference; fileEncoding = 4; lastKnownFileType = sourcecode.c.h; name = Human.h; path = CoreData/Human.h; sourceTree = "<group>"; };
		6392D2111EE875980050728D /* Human.m */ = {isa = PBXFileReference; fileEncoding = 4; lastKnownFileType = sourcecode.c.objc; name = Human.m; path = CoreData/Human.m; sourceTree = "<group>"; };
		6392D2131EE875A50050728D /* SLVItem.h */ = {isa = PBXFileReference; fileEncoding = 4; lastKnownFileType = sourcecode.c.h; name = SLVItem.h; path = CoreData/SLVItem.h; sourceTree = "<group>"; };
		6392D2141EE875A50050728D /* SLVItem.m */ = {isa = PBXFileReference; fileEncoding = 4; lastKnownFileType = sourcecode.c.objc; name = SLVItem.m; path = CoreData/SLVItem.m; sourceTree = "<group>"; };
		6392D21C1EE88F410050728D /* SLVStorageService.h */ = {isa = PBXFileReference; fileEncoding = 4; lastKnownFileType = sourcecode.c.h; name = SLVStorageService.h; path = CoreData/SLVStorageService.h; sourceTree = "<group>"; };
		6392D21D1EE88F410050728D /* SLVStorageService.m */ = {isa = PBXFileReference; fileEncoding = 4; lastKnownFileType = sourcecode.c.objc; name = SLVStorageService.m; path = CoreData/SLVStorageService.m; sourceTree = "<group>"; };
		6392D2201EEAC1090050728D /* SLVFavoritesCell.h */ = {isa = PBXFileReference; fileEncoding = 4; lastKnownFileType = sourcecode.c.h; name = SLVFavoritesCell.h; path = Views/Favorites/SLVFavoritesCell.h; sourceTree = "<group>"; };
		6392D2211EEAC1090050728D /* SLVFavoritesCell.m */ = {isa = PBXFileReference; fileEncoding = 4; lastKnownFileType = sourcecode.c.objc; name = SLVFavoritesCell.m; path = Views/Favorites/SLVFavoritesCell.m; sourceTree = "<group>"; };
		63ABAB811ED60E8900941726 /* SLVImageProcessing.h */ = {isa = PBXFileReference; fileEncoding = 4; lastKnownFileType = sourcecode.c.h; name = SLVImageProcessing.h; path = Services/SLVImageProcessing.h; sourceTree = "<group>"; };
		63ABAB821ED60E8900941726 /* SLVImageProcessing.m */ = {isa = PBXFileReference; fileEncoding = 4; lastKnownFileType = sourcecode.c.objc; name = SLVImageProcessing.m; path = Services/SLVImageProcessing.m; sourceTree = "<group>"; };
		63ABAB871ED873CB00941726 /* SLVImageDownloadOperationTests.m */ = {isa = PBXFileReference; fileEncoding = 4; lastKnownFileType = sourcecode.c.objc; name = SLVImageDownloadOperationTests.m; path = lection14Tests/SLVImageDownloadOperationTests.m; sourceTree = "<group>"; };
		63ACEF3C1EBD3B37007C0D41 /* Masonry.framework */ = {isa = PBXFileReference; lastKnownFileType = wrapper.framework; name = Masonry.framework; path = Carthage/Build/iOS/Masonry.framework; sourceTree = "<group>"; };
/* End PBXFileReference section */

/* Begin PBXFrameworksBuildPhase section */
		04E2FF941EBB90A50074C5D9 /* Frameworks */ = {
			isa = PBXFrameworksBuildPhase;
			buildActionMask = 2147483647;
			files = (
				63ACEF3E1EBD3F53007C0D41 /* Masonry.framework in Frameworks */,
			);
			runOnlyForDeploymentPostprocessing = 0;
		};
		04E2FFB01EBB90A50074C5D9 /* Frameworks */ = {
			isa = PBXFrameworksBuildPhase;
			buildActionMask = 2147483647;
			files = (
			);
			runOnlyForDeploymentPostprocessing = 0;
		};
/* End PBXFrameworksBuildPhase section */

/* Begin PBXGroup section */
		042903401EF536600066039B /* Constants */ = {
			isa = PBXGroup;
			children = (
				042903411EF536900066039B /* SLVConstants.m */,
				042903431EF536A80066039B /* SLVConstants.h */,
			);
			name = Constants;
			sourceTree = "<group>";
		};
		04E2FF8E1EBB90A50074C5D9 = {
			isa = PBXGroup;
			children = (
				04E2FF991EBB90A50074C5D9 /* lection14 */,
				04E2FF981EBB90A50074C5D9 /* Products */,
				63ABAB891ED873D500941726 /* UnitTests */,
				63ACEF3B1EBD3B36007C0D41 /* Frameworks */,
			);
			sourceTree = "<group>";
		};
		04E2FF981EBB90A50074C5D9 /* Products */ = {
			isa = PBXGroup;
			children = (
				04E2FF971EBB90A50074C5D9 /* lection14.app */,
				04E2FFB31EBB90A50074C5D9 /* lection14Tests.xctest */,
			);
			name = Products;
			sourceTree = "<group>";
		};
		04E2FF991EBB90A50074C5D9 /* lection14 */ = {
			isa = PBXGroup;
			children = (
				635722F01EF59F61000BB6CD /* Protocols */,
				042903401EF536600066039B /* Constants */,
				6392D1F41EE84A580050728D /* CoreData */,
				6392D1E21EE04D4E0050728D /* Extentions */,
				63ACEF371EBC951A007C0D41 /* Application */,
				04E2FFD71EBBAC620074C5D9 /* Views */,
				04E2FFD11EBBABF70074C5D9 /* Controllers */,
				04E2FFD21EBBAC040074C5D9 /* Models */,
				04E2FFD31EBBAC0F0074C5D9 /* Services */,
				04E2FF9A1EBB90A50074C5D9 /* Supporting Files */,
			);
			path = lection14;
			sourceTree = "<group>";
		};
		04E2FF9A1EBB90A50074C5D9 /* Supporting Files */ = {
			isa = PBXGroup;
			children = (
				04E2FF9B1EBB90A50074C5D9 /* main.m */,
			);
			name = "Supporting Files";
			sourceTree = "<group>";
		};
		04E2FFD11EBBABF70074C5D9 /* Controllers */ = {
			isa = PBXGroup;
			children = (
				6392D1C81EE04CFD0050728D /* Collection */,
				6392D1CD1EE04CFD0050728D /* Favorites */,
				6392D1D01EE04CFD0050728D /* PostViewController */,
				6392D1D31EE04CFD0050728D /* SettingsViewController */,
			);
			name = Controllers;
			sourceTree = "<group>";
		};
		04E2FFD21EBBAC040074C5D9 /* Models */ = {
			isa = PBXGroup;
			children = (
				6350EF8D1ED5923100D7C8CE /* ImageDownloadOperation.h */,
				6350EF8E1ED5923100D7C8CE /* ImageDownloadOperation.m */,
				6350EF891ED5843000D7C8CE /* SLVSearchResultsModel.h */,
				6350EF8A1ED5843000D7C8CE /* SLVSearchResultsModel.m */,
				635722F81EF5B4A7000BB6CD /* SLVPostModel.h */,
				635722F91EF5B4A7000BB6CD /* SLVPostModel.m */,
			);
			name = Models;
			sourceTree = "<group>";
		};
		04E2FFD31EBBAC0F0074C5D9 /* Services */ = {
			isa = PBXGroup;
			children = (
				6392D21C1EE88F410050728D /* SLVStorageService.h */,
				6392D21D1EE88F410050728D /* SLVStorageService.m */,
				6350EF841ED5841F00D7C8CE /* SLVNetworkManager.h */,
				6350EF851ED5841F00D7C8CE /* SLVNetworkManager.m */,
				63ABAB811ED60E8900941726 /* SLVImageProcessing.h */,
				63ABAB821ED60E8900941726 /* SLVImageProcessing.m */,
			);
			name = Services;
			sourceTree = "<group>";
		};
		04E2FFD71EBBAC620074C5D9 /* Views */ = {
			isa = PBXGroup;
			children = (
				6392D21F1EEAC0BC0050728D /* Favorites */,
				6392D1DB1EE04D3A0050728D /* Collection */,
				6392D1F31EE7F9350050728D /* Post */,
			);
			name = Views;
			sourceTree = "<group>";
		};
		635722F01EF59F61000BB6CD /* Protocols */ = {
			isa = PBXGroup;
			children = (
				635722F11EF59FCF000BB6CD /* SLVModelProtocol.h */,
				635722FB1EF5B4DC000BB6CD /* SLVPostModelProtocol.h */,
			);
			name = Protocols;
			sourceTree = "<group>";
		};
		6392D1C81EE04CFD0050728D /* Collection */ = {
			isa = PBXGroup;
			children = (
				6392D1C91EE04CFD0050728D /* SLVCollectionViewController.h */,
				6392D1CA1EE04CFD0050728D /* SLVCollectionViewController.m */,
				6392D1CB1EE04CFD0050728D /* SLVCollectionViewDataProvider.h */,
				6392D1CC1EE04CFD0050728D /* SLVCollectionViewDataProvider.m */,
			);
			name = Collection;
			path = Controllers/Collection;
			sourceTree = "<group>";
		};
		6392D1CD1EE04CFD0050728D /* Favorites */ = {
			isa = PBXGroup;
			children = (
				6392D1CE1EE04CFD0050728D /* SLVFavouritesViewController.h */,
				6392D1CF1EE04CFD0050728D /* SLVFavouritesViewController.m */,
			);
			name = Favorites;
			path = Controllers/Favorites;
			sourceTree = "<group>";
		};
		6392D1D01EE04CFD0050728D /* PostViewController */ = {
			isa = PBXGroup;
			children = (
				6392D1D11EE04CFD0050728D /* SLVPostController.h */,
				6392D1D21EE04CFD0050728D /* SLVPostController.m */,
				635722F51EF5B1FC000BB6CD /* SLVPostDataProvider.h */,
				635722F61EF5B1FC000BB6CD /* SLVPostDataProvider.m */,
			);
			name = PostViewController;
			path = Controllers/PostViewController;
			sourceTree = "<group>";
		};
		6392D1D31EE04CFD0050728D /* SettingsViewController */ = {
			isa = PBXGroup;
			children = (
				6392D1D41EE04CFD0050728D /* SLVSettingsViewController.h */,
				6392D1D51EE04CFD0050728D /* SLVSettingsViewController.m */,
			);
			name = SettingsViewController;
			path = Controllers/SettingsViewController;
			sourceTree = "<group>";
		};
		6392D1DB1EE04D3A0050728D /* Collection */ = {
			isa = PBXGroup;
			children = (
				6392D1DC1EE04D3A0050728D /* SLVCollectionView.h */,
				6392D1DD1EE04D3A0050728D /* SLVCollectionView.m */,
				6392D1ED1EE741BE0050728D /* SLVCollectionViewCell.h */,
				6392D1EE1EE741BE0050728D /* SLVCollectionViewCell.m */,
				6392D1DE1EE04D3A0050728D /* SLVCollectionViewLayout.h */,
				6392D1DF1EE04D3A0050728D /* SLVCollectionViewLayout.m */,
			);
			name = Collection;
			path = Views/Collection;
			sourceTree = "<group>";
		};
		6392D1E21EE04D4E0050728D /* Extentions */ = {
			isa = PBXGroup;
			children = (
				6392D1E31EE04D4E0050728D /* UIColor+SLVColor.h */,
				6392D1E41EE04D4E0050728D /* UIColor+SLVColor.m */,
				6392D1E51EE04D4E0050728D /* UIFont+SLVFonts.h */,
				6392D1E61EE04D4E0050728D /* UIFont+SLVFonts.m */,
			);
			path = Extentions;
			sourceTree = "<group>";
		};
		6392D1F31EE7F9350050728D /* Post */ = {
			isa = PBXGroup;
			children = (
				6392D1F01EE7F92E0050728D /* SLVPostViewCells.h */,
				6392D1F11EE7F92E0050728D /* SLVPostViewCells.m */,
				635722F21EF5B091000BB6CD /* SLVPostView.h */,
				635722F31EF5B091000BB6CD /* SLVPostView.m */,
			);
			name = Post;
			sourceTree = "<group>";
		};
		6392D1F41EE84A580050728D /* CoreData */ = {
			isa = PBXGroup;
			children = (
				6392D1F51EE84A920050728D /* Model.xcdatamodeld */,
				6392D20A1EE874BF0050728D /* CoreDataStack.h */,
				6392D20B1EE874BF0050728D /* CoreDataStack.m */,
				6392D20D1EE875790050728D /* Comment.h */,
				6392D20E1EE875790050728D /* Comment.m */,
				6392D2101EE875980050728D /* Human.h */,
				6392D2111EE875980050728D /* Human.m */,
				6392D2131EE875A50050728D /* SLVItem.h */,
				6392D2141EE875A50050728D /* SLVItem.m */,
			);
			name = CoreData;
			sourceTree = "<group>";
		};
		6392D21F1EEAC0BC0050728D /* Favorites */ = {
			isa = PBXGroup;
			children = (
				6392D2201EEAC1090050728D /* SLVFavoritesCell.h */,
				6392D2211EEAC1090050728D /* SLVFavoritesCell.m */,
			);
			name = Favorites;
			sourceTree = "<group>";
		};
		63ABAB891ED873D500941726 /* UnitTests */ = {
			isa = PBXGroup;
			children = (
				63ABAB871ED873CB00941726 /* SLVImageDownloadOperationTests.m */,
			);
			name = UnitTests;
			sourceTree = "<group>";
		};
		63ACEF371EBC951A007C0D41 /* Application */ = {
			isa = PBXGroup;
			children = (
				04E2FFA91EBB90A50074C5D9 /* Assets.xcassets */,
				04E2FFAB1EBB90A50074C5D9 /* LaunchScreen.storyboard */,
				04E2FFAE1EBB90A50074C5D9 /* Info.plist */,
				04E2FF9D1EBB90A50074C5D9 /* AppDelegate.h */,
				04E2FF9E1EBB90A50074C5D9 /* AppDelegate.m */,
			);
			name = Application;
			sourceTree = "<group>";
		};
		63ACEF3B1EBD3B36007C0D41 /* Frameworks */ = {
			isa = PBXGroup;
			children = (
				63ACEF3C1EBD3B37007C0D41 /* Masonry.framework */,
			);
			name = Frameworks;
			sourceTree = "<group>";
		};
/* End PBXGroup section */

/* Begin PBXNativeTarget section */
		04E2FF961EBB90A50074C5D9 /* lection14 */ = {
			isa = PBXNativeTarget;
			buildConfigurationList = 04E2FFBC1EBB90A50074C5D9 /* Build configuration list for PBXNativeTarget "lection14" */;
			buildPhases = (
				04E2FF931EBB90A50074C5D9 /* Sources */,
				04E2FF941EBB90A50074C5D9 /* Frameworks */,
				04E2FF951EBB90A50074C5D9 /* Resources */,
				63ACEF411EBD42AC007C0D41 /* ShellScript */,
				63ACEF421EBD42B2007C0D41 /* ShellScript */,
			);
			buildRules = (
			);
			dependencies = (
			);
			name = lection14;
			productName = lection14;
			productReference = 04E2FF971EBB90A50074C5D9 /* lection14.app */;
			productType = "com.apple.product-type.application";
		};
		04E2FFB21EBB90A50074C5D9 /* lection14Tests */ = {
			isa = PBXNativeTarget;
			buildConfigurationList = 04E2FFBF1EBB90A50074C5D9 /* Build configuration list for PBXNativeTarget "lection14Tests" */;
			buildPhases = (
				04E2FFAF1EBB90A50074C5D9 /* Sources */,
				04E2FFB01EBB90A50074C5D9 /* Frameworks */,
				04E2FFB11EBB90A50074C5D9 /* Resources */,
			);
			buildRules = (
			);
			dependencies = (
				04E2FFB51EBB90A50074C5D9 /* PBXTargetDependency */,
			);
			name = lection14Tests;
			productName = lection14Tests;
			productReference = 04E2FFB31EBB90A50074C5D9 /* lection14Tests.xctest */;
			productType = "com.apple.product-type.bundle.unit-test";
		};
/* End PBXNativeTarget section */

/* Begin PBXProject section */
		04E2FF8F1EBB90A50074C5D9 /* Project object */ = {
			isa = PBXProject;
			attributes = {
				CLASSPREFIX = SLV;
				LastUpgradeCheck = 0820;
				ORGANIZATIONNAME = serebryanyy;
				TargetAttributes = {
					04E2FF961EBB90A50074C5D9 = {
						CreatedOnToolsVersion = 8.2.1;
						DevelopmentTeam = 4BVAFGEHDW;
						ProvisioningStyle = Automatic;
					};
					04E2FFB21EBB90A50074C5D9 = {
						CreatedOnToolsVersion = 8.2.1;
						DevelopmentTeam = 4BVAFGEHDW;
						ProvisioningStyle = Automatic;
						TestTargetID = 04E2FF961EBB90A50074C5D9;
					};
				};
			};
			buildConfigurationList = 04E2FF921EBB90A50074C5D9 /* Build configuration list for PBXProject "flickrgram" */;
			compatibilityVersion = "Xcode 3.2";
			developmentRegion = English;
			hasScannedForEncodings = 0;
			knownRegions = (
				en,
				Base,
			);
			mainGroup = 04E2FF8E1EBB90A50074C5D9;
			productRefGroup = 04E2FF981EBB90A50074C5D9 /* Products */;
			projectDirPath = "";
			projectRoot = "";
			targets = (
				04E2FF961EBB90A50074C5D9 /* lection14 */,
				04E2FFB21EBB90A50074C5D9 /* lection14Tests */,
			);
		};
/* End PBXProject section */

/* Begin PBXResourcesBuildPhase section */
		04E2FF951EBB90A50074C5D9 /* Resources */ = {
			isa = PBXResourcesBuildPhase;
			buildActionMask = 2147483647;
			files = (
				04E2FFAD1EBB90A50074C5D9 /* LaunchScreen.storyboard in Resources */,
				04E2FFAA1EBB90A50074C5D9 /* Assets.xcassets in Resources */,
			);
			runOnlyForDeploymentPostprocessing = 0;
		};
		04E2FFB11EBB90A50074C5D9 /* Resources */ = {
			isa = PBXResourcesBuildPhase;
			buildActionMask = 2147483647;
			files = (
			);
			runOnlyForDeploymentPostprocessing = 0;
		};
/* End PBXResourcesBuildPhase section */

/* Begin PBXShellScriptBuildPhase section */
		63ACEF411EBD42AC007C0D41 /* ShellScript */ = {
			isa = PBXShellScriptBuildPhase;
			buildActionMask = 2147483647;
			files = (
			);
			inputPaths = (
				"$(SRCROOT)/Carthage/Build/iOS/Masonry.framework",
			);
			outputPaths = (
			);
			runOnlyForDeploymentPostprocessing = 0;
			shellPath = /bin/sh;
			shellScript = "/usr/local/bin/carthage copy-frameworks";
		};
		63ACEF421EBD42B2007C0D41 /* ShellScript */ = {
			isa = PBXShellScriptBuildPhase;
			buildActionMask = 2147483647;
			files = (
			);
			inputPaths = (
			);
			outputPaths = (
			);
			runOnlyForDeploymentPostprocessing = 0;
			shellPath = /bin/sh;
			shellScript = "";
		};
/* End PBXShellScriptBuildPhase section */

/* Begin PBXSourcesBuildPhase section */
		04E2FF931EBB90A50074C5D9 /* Sources */ = {
			isa = PBXSourcesBuildPhase;
			buildActionMask = 2147483647;
			files = (
				635722F41EF5B091000BB6CD /* SLVPostView.m in Sources */,
				6350EF8C1ED5843000D7C8CE /* SLVSearchResultsModel.m in Sources */,
				6392D1EF1EE741BE0050728D /* SLVCollectionViewCell.m in Sources */,
				042903421EF536900066039B /* SLVConstants.m in Sources */,
				6392D1E81EE04D4E0050728D /* UIFont+SLVFonts.m in Sources */,
				04E2FF9F1EBB90A50074C5D9 /* AppDelegate.m in Sources */,
				6350EF8F1ED5923100D7C8CE /* ImageDownloadOperation.m in Sources */,
				04E2FF9C1EBB90A50074C5D9 /* main.m in Sources */,
				6392D20F1EE875790050728D /* Comment.m in Sources */,
				6392D1E01EE04D3A0050728D /* SLVCollectionView.m in Sources */,
				6392D1D61EE04CFD0050728D /* SLVCollectionViewController.m in Sources */,
				6392D1F21EE7F92E0050728D /* SLVPostViewCells.m in Sources */,
				6392D1DA1EE04CFD0050728D /* SLVSettingsViewController.m in Sources */,
				635722FA1EF5B4A7000BB6CD /* SLVPostModel.m in Sources */,
				6392D1E71EE04D4E0050728D /* UIColor+SLVColor.m in Sources */,
				6350EF861ED5841F00D7C8CE /* SLVNetworkManager.m in Sources */,
				63ABAB831ED60E8900941726 /* SLVImageProcessing.m in Sources */,
				6392D1D91EE04CFD0050728D /* SLVPostController.m in Sources */,
				6392D20C1EE874BF0050728D /* CoreDataStack.m in Sources */,
				6392D21E1EE88F410050728D /* SLVStorageService.m in Sources */,
				6392D2121EE875980050728D /* Human.m in Sources */,
				6392D1D71EE04CFD0050728D /* SLVCollectionViewDataProvider.m in Sources */,
				6392D1E11EE04D3A0050728D /* SLVCollectionViewLayout.m in Sources */,
				635722F71EF5B1FC000BB6CD /* SLVPostDataProvider.m in Sources */,
				6392D1F71EE84A920050728D /* Model.xcdatamodeld in Sources */,
				6392D2221EEAC1090050728D /* SLVFavoritesCell.m in Sources */,
				6392D1D81EE04CFD0050728D /* SLVFavouritesViewController.m in Sources */,
				6392D2151EE875A50050728D /* SLVItem.m in Sources */,
			);
			runOnlyForDeploymentPostprocessing = 0;
		};
		04E2FFAF1EBB90A50074C5D9 /* Sources */ = {
			isa = PBXSourcesBuildPhase;
			buildActionMask = 2147483647;
			files = (
				63ABAB881ED873CC00941726 /* SLVImageDownloadOperationTests.m in Sources */,
			);
			runOnlyForDeploymentPostprocessing = 0;
		};
/* End PBXSourcesBuildPhase section */

/* Begin PBXTargetDependency section */
		04E2FFB51EBB90A50074C5D9 /* PBXTargetDependency */ = {
			isa = PBXTargetDependency;
			target = 04E2FF961EBB90A50074C5D9 /* lection14 */;
			targetProxy = 04E2FFB41EBB90A50074C5D9 /* PBXContainerItemProxy */;
		};
/* End PBXTargetDependency section */

/* Begin PBXVariantGroup section */
		04E2FFAB1EBB90A50074C5D9 /* LaunchScreen.storyboard */ = {
			isa = PBXVariantGroup;
			children = (
				04E2FFAC1EBB90A50074C5D9 /* Base */,
			);
			name = LaunchScreen.storyboard;
			sourceTree = "<group>";
		};
/* End PBXVariantGroup section */

/* Begin XCBuildConfiguration section */
		04E2FFBA1EBB90A50074C5D9 /* Debug */ = {
			isa = XCBuildConfiguration;
			buildSettings = {
				ALWAYS_SEARCH_USER_PATHS = NO;
				CLANG_ANALYZER_NONNULL = YES;
				CLANG_CXX_LANGUAGE_STANDARD = "gnu++0x";
				CLANG_CXX_LIBRARY = "libc++";
				CLANG_ENABLE_MODULES = YES;
				CLANG_ENABLE_OBJC_ARC = YES;
				CLANG_WARN_BOOL_CONVERSION = YES;
				CLANG_WARN_CONSTANT_CONVERSION = YES;
				CLANG_WARN_DIRECT_OBJC_ISA_USAGE = YES_ERROR;
				CLANG_WARN_DOCUMENTATION_COMMENTS = YES;
				CLANG_WARN_EMPTY_BODY = YES;
				CLANG_WARN_ENUM_CONVERSION = YES;
				CLANG_WARN_INFINITE_RECURSION = YES;
				CLANG_WARN_INT_CONVERSION = YES;
				CLANG_WARN_OBJC_ROOT_CLASS = YES_ERROR;
				CLANG_WARN_SUSPICIOUS_MOVE = YES;
				CLANG_WARN_UNREACHABLE_CODE = YES;
				CLANG_WARN__DUPLICATE_METHOD_MATCH = YES;
				"CODE_SIGN_IDENTITY[sdk=iphoneos*]" = "iPhone Developer";
				COPY_PHASE_STRIP = NO;
				DEBUG_INFORMATION_FORMAT = dwarf;
				ENABLE_STRICT_OBJC_MSGSEND = YES;
				ENABLE_TESTABILITY = YES;
				GCC_C_LANGUAGE_STANDARD = gnu99;
				GCC_DYNAMIC_NO_PIC = NO;
				GCC_NO_COMMON_BLOCKS = YES;
				GCC_OPTIMIZATION_LEVEL = 0;
				GCC_PREPROCESSOR_DEFINITIONS = (
					"DEBUG=1",
					"$(inherited)",
				);
				GCC_WARN_64_TO_32_BIT_CONVERSION = YES;
				GCC_WARN_ABOUT_RETURN_TYPE = YES_ERROR;
				GCC_WARN_UNDECLARED_SELECTOR = YES;
				GCC_WARN_UNINITIALIZED_AUTOS = YES_AGGRESSIVE;
				GCC_WARN_UNUSED_FUNCTION = YES;
				GCC_WARN_UNUSED_VARIABLE = YES;
				IPHONEOS_DEPLOYMENT_TARGET = 10.2;
				MTL_ENABLE_DEBUG_INFO = YES;
				ONLY_ACTIVE_ARCH = YES;
				SDKROOT = iphoneos;
				TARGETED_DEVICE_FAMILY = "1,2";
			};
			name = Debug;
		};
		04E2FFBB1EBB90A50074C5D9 /* Release */ = {
			isa = XCBuildConfiguration;
			buildSettings = {
				ALWAYS_SEARCH_USER_PATHS = NO;
				CLANG_ANALYZER_NONNULL = YES;
				CLANG_CXX_LANGUAGE_STANDARD = "gnu++0x";
				CLANG_CXX_LIBRARY = "libc++";
				CLANG_ENABLE_MODULES = YES;
				CLANG_ENABLE_OBJC_ARC = YES;
				CLANG_WARN_BOOL_CONVERSION = YES;
				CLANG_WARN_CONSTANT_CONVERSION = YES;
				CLANG_WARN_DIRECT_OBJC_ISA_USAGE = YES_ERROR;
				CLANG_WARN_DOCUMENTATION_COMMENTS = YES;
				CLANG_WARN_EMPTY_BODY = YES;
				CLANG_WARN_ENUM_CONVERSION = YES;
				CLANG_WARN_INFINITE_RECURSION = YES;
				CLANG_WARN_INT_CONVERSION = YES;
				CLANG_WARN_OBJC_ROOT_CLASS = YES_ERROR;
				CLANG_WARN_SUSPICIOUS_MOVE = YES;
				CLANG_WARN_UNREACHABLE_CODE = YES;
				CLANG_WARN__DUPLICATE_METHOD_MATCH = YES;
				"CODE_SIGN_IDENTITY[sdk=iphoneos*]" = "iPhone Developer";
				COPY_PHASE_STRIP = NO;
				DEBUG_INFORMATION_FORMAT = "dwarf-with-dsym";
				ENABLE_NS_ASSERTIONS = NO;
				ENABLE_STRICT_OBJC_MSGSEND = YES;
				GCC_C_LANGUAGE_STANDARD = gnu99;
				GCC_NO_COMMON_BLOCKS = YES;
				GCC_WARN_64_TO_32_BIT_CONVERSION = YES;
				GCC_WARN_ABOUT_RETURN_TYPE = YES_ERROR;
				GCC_WARN_UNDECLARED_SELECTOR = YES;
				GCC_WARN_UNINITIALIZED_AUTOS = YES_AGGRESSIVE;
				GCC_WARN_UNUSED_FUNCTION = YES;
				GCC_WARN_UNUSED_VARIABLE = YES;
				IPHONEOS_DEPLOYMENT_TARGET = 10.2;
				MTL_ENABLE_DEBUG_INFO = NO;
				SDKROOT = iphoneos;
				TARGETED_DEVICE_FAMILY = "1,2";
				VALIDATE_PRODUCT = YES;
			};
			name = Release;
		};
		04E2FFBD1EBB90A50074C5D9 /* Debug */ = {
			isa = XCBuildConfiguration;
			buildSettings = {
				ASSETCATALOG_COMPILER_APPICON_NAME = AppIcon;
				DEVELOPMENT_TEAM = 4BVAFGEHDW;
				FRAMEWORK_SEARCH_PATHS = (
					"$(inherited)",
					"$(PROJECT_DIR)/Carthage/Build/iOS",
				);
				INFOPLIST_FILE = lection14/Info.plist;
				LD_RUNPATH_SEARCH_PATHS = "$(inherited) @executable_path/Frameworks";
				PRODUCT_BUNDLE_IDENTIFIER = sbt.lection14;
				PRODUCT_NAME = "$(TARGET_NAME)";
			};
			name = Debug;
		};
		04E2FFBE1EBB90A50074C5D9 /* Release */ = {
			isa = XCBuildConfiguration;
			buildSettings = {
				ASSETCATALOG_COMPILER_APPICON_NAME = AppIcon;
				DEVELOPMENT_TEAM = 4BVAFGEHDW;
				FRAMEWORK_SEARCH_PATHS = (
					"$(inherited)",
					"$(PROJECT_DIR)/Carthage/Build/iOS",
				);
				INFOPLIST_FILE = lection14/Info.plist;
				LD_RUNPATH_SEARCH_PATHS = "$(inherited) @executable_path/Frameworks";
				PRODUCT_BUNDLE_IDENTIFIER = sbt.lection14;
				PRODUCT_NAME = "$(TARGET_NAME)";
			};
			name = Release;
		};
		04E2FFC01EBB90A50074C5D9 /* Debug */ = {
			isa = XCBuildConfiguration;
			buildSettings = {
				BUNDLE_LOADER = "$(TEST_HOST)";
				DEVELOPMENT_TEAM = 4BVAFGEHDW;
				INFOPLIST_FILE = lection14Tests/Info.plist;
				LD_RUNPATH_SEARCH_PATHS = "$(inherited) @executable_path/Frameworks @loader_path/Frameworks";
				PRODUCT_BUNDLE_IDENTIFIER = sbt.lection14Tests;
				PRODUCT_NAME = "$(TARGET_NAME)";
				TEST_HOST = "$(BUILT_PRODUCTS_DIR)/lection14.app/lection14";
			};
			name = Debug;
		};
		04E2FFC11EBB90A50074C5D9 /* Release */ = {
			isa = XCBuildConfiguration;
			buildSettings = {
				BUNDLE_LOADER = "$(TEST_HOST)";
				DEVELOPMENT_TEAM = 4BVAFGEHDW;
				INFOPLIST_FILE = lection14Tests/Info.plist;
				LD_RUNPATH_SEARCH_PATHS = "$(inherited) @executable_path/Frameworks @loader_path/Frameworks";
				PRODUCT_BUNDLE_IDENTIFIER = sbt.lection14Tests;
				PRODUCT_NAME = "$(TARGET_NAME)";
				TEST_HOST = "$(BUILT_PRODUCTS_DIR)/lection14.app/lection14";
			};
			name = Release;
		};
/* End XCBuildConfiguration section */

/* Begin XCConfigurationList section */
		04E2FF921EBB90A50074C5D9 /* Build configuration list for PBXProject "flickrgram" */ = {
			isa = XCConfigurationList;
			buildConfigurations = (
				04E2FFBA1EBB90A50074C5D9 /* Debug */,
				04E2FFBB1EBB90A50074C5D9 /* Release */,
			);
			defaultConfigurationIsVisible = 0;
			defaultConfigurationName = Release;
		};
		04E2FFBC1EBB90A50074C5D9 /* Build configuration list for PBXNativeTarget "lection14" */ = {
			isa = XCConfigurationList;
			buildConfigurations = (
				04E2FFBD1EBB90A50074C5D9 /* Debug */,
				04E2FFBE1EBB90A50074C5D9 /* Release */,
			);
			defaultConfigurationIsVisible = 0;
			defaultConfigurationName = Release;
		};
		04E2FFBF1EBB90A50074C5D9 /* Build configuration list for PBXNativeTarget "lection14Tests" */ = {
			isa = XCConfigurationList;
			buildConfigurations = (
				04E2FFC01EBB90A50074C5D9 /* Debug */,
				04E2FFC11EBB90A50074C5D9 /* Release */,
			);
			defaultConfigurationIsVisible = 0;
			defaultConfigurationName = Release;
		};
/* End XCConfigurationList section */

/* Begin XCVersionGroup section */
		6392D1F51EE84A920050728D /* Model.xcdatamodeld */ = {
			isa = XCVersionGroup;
			children = (
				6392D1F61EE84A920050728D /* Model.xcdatamodel */,
			);
			currentVersion = 6392D1F61EE84A920050728D /* Model.xcdatamodel */;
			name = Model.xcdatamodeld;
			path = CoreData/Model.xcdatamodeld;
			sourceTree = "<group>";
			versionGroupType = wrapper.xcdatamodel;
		};
/* End XCVersionGroup section */
	};
	rootObject = 04E2FF8F1EBB90A50074C5D9 /* Project object */;
}
